
Microsoft Visual Studio Solution File, Format Version 12.00
# Visual Studio Version 16
VisualStudioVersion = 16.0.31019.35
MinimumVisualStudioVersion = 10.0.40219.1
Project("{9A19103F-16F7-4668-BE54-9A1E7A4F7556}") = "BiografAPI.Web", "BiografAPI.Web\BiografAPI.Web.csproj", "{241085C2-92C4-4096-977D-EE34B4A15C27}"
EndProject
Project("{FAE04EC0-301F-11D3-BF4B-00C04F79EFBC}") = "BiografAPI.Tests", "BiografAPI.Tests\BiografAPI.Tests.csproj", "{6372F37C-FBA0-4F56-8BF2-95FF9E15A7E8}"
EndProject
Global
	GlobalSection(SolutionConfigurationPlatforms) = preSolution
		Debug|Any CPU = Debug|Any CPU
		Release|Any CPU = Release|Any CPU
	EndGlobalSection
	GlobalSection(ProjectConfigurationPlatforms) = postSolution
		{241085C2-92C4-4096-977D-EE34B4A15C27}.Debug|Any CPU.ActiveCfg = Debug|Any CPU
		{241085C2-92C4-4096-977D-EE34B4A15C27}.Debug|Any CPU.Build.0 = Debug|Any CPU
		{241085C2-92C4-4096-977D-EE34B4A15C27}.Release|Any CPU.ActiveCfg = Release|Any CPU
		{241085C2-92C4-4096-977D-EE34B4A15C27}.Release|Any CPU.Build.0 = Release|Any CPU
		{6372F37C-FBA0-4F56-8BF2-95FF9E15A7E8}.Debug|Any CPU.ActiveCfg = Debug|Any CPU
		{6372F37C-FBA0-4F56-8BF2-95FF9E15A7E8}.Debug|Any CPU.Build.0 = Debug|Any CPU
		{6372F37C-FBA0-4F56-8BF2-95FF9E15A7E8}.Release|Any CPU.ActiveCfg = Release|Any CPU
		{6372F37C-FBA0-4F56-8BF2-95FF9E15A7E8}.Release|Any CPU.Build.0 = Release|Any CPU
	EndGlobalSection
	GlobalSection(SolutionProperties) = preSolution
		HideSolutionNode = FALSE
	EndGlobalSection
	GlobalSection(ExtensibilityGlobals) = postSolution
		SolutionGuid = {F44F437A-45DD-4CBE-9B4C-7542FCACC4C5}
	EndGlobalSection
EndGlobal
